// !$*UTF8*$!
{
	archiveVersion = 1;
	classes = {
	};
	objectVersion = 46;
	objects = {

/* Begin PBXBuildFile section */
		338D5D30153F5FF200E99CC8 /* UIKit.framework in Frameworks */ = {isa = PBXBuildFile; fileRef = 338D5D2F153F5FF200E99CC8 /* UIKit.framework */; };
		338D5D32153F5FF200E99CC8 /* Foundation.framework in Frameworks */ = {isa = PBXBuildFile; fileRef = 338D5D31153F5FF200E99CC8 /* Foundation.framework */; };
		338D5D34153F5FF200E99CC8 /* CoreGraphics.framework in Frameworks */ = {isa = PBXBuildFile; fileRef = 338D5D33153F5FF200E99CC8 /* CoreGraphics.framework */; };
		338D5D3A153F5FF200E99CC8 /* InfoPlist.strings in Resources */ = {isa = PBXBuildFile; fileRef = 338D5D38153F5FF200E99CC8 /* InfoPlist.strings */; };
		338D5D3C153F5FF200E99CC8 /* main.m in Sources */ = {isa = PBXBuildFile; fileRef = 338D5D3B153F5FF200E99CC8 /* main.m */; };
		338D5D40153F5FF200E99CC8 /* AppDelegate.m in Sources */ = {isa = PBXBuildFile; fileRef = 338D5D3F153F5FF200E99CC8 /* AppDelegate.m */; };
		338D5D43153F5FF200E99CC8 /* ViewController.m in Sources */ = {isa = PBXBuildFile; fileRef = 338D5D42153F5FF200E99CC8 /* ViewController.m */; };
		338D5D46153F5FF200E99CC8 /* ViewController_iPhone.xib in Resources */ = {isa = PBXBuildFile; fileRef = 338D5D44153F5FF200E99CC8 /* ViewController_iPhone.xib */; };
		338D5D49153F5FF200E99CC8 /* ViewController_iPad.xib in Resources */ = {isa = PBXBuildFile; fileRef = 338D5D47153F5FF200E99CC8 /* ViewController_iPad.xib */; };
		338D5D76153F707500E99CC8 /* libCoconutKit.a in Frameworks */ = {isa = PBXBuildFile; fileRef = 338D5D75153F707500E99CC8 /* libCoconutKit.a */; };
		338D5D78153F708500E99CC8 /* MessageUI.framework in Frameworks */ = {isa = PBXBuildFile; fileRef = 338D5D77153F708500E99CC8 /* MessageUI.framework */; };
		338D5D7A153F708C00E99CC8 /* CoreData.framework in Frameworks */ = {isa = PBXBuildFile; fileRef = 338D5D79153F708C00E99CC8 /* CoreData.framework */; };
		338D5D7C153F709400E99CC8 /* QuartzCore.framework in Frameworks */ = {isa = PBXBuildFile; fileRef = 338D5D7B153F709400E99CC8 /* QuartzCore.framework */; };
		338D5D98153F72A500E99CC8 /* LifeCycleTestViewController.xib in Resources */ = {isa = PBXBuildFile; fileRef = 338D5D96153F72A500E99CC8 /* LifeCycleTestViewController.xib */; };
		338D5D99153F72A500E99CC8 /* LifeCycleTestViewController.m in Sources */ = {isa = PBXBuildFile; fileRef = 338D5D97153F72A500E99CC8 /* LifeCycleTestViewController.m */; };
/* End PBXBuildFile section */

/* Begin PBXFileReference section */
		338D5D2B153F5FF200E99CC8 /* SegmentContainer.app */ = {isa = PBXFileReference; explicitFileType = wrapper.application; includeInIndex = 0; path = SegmentContainer.app; sourceTree = BUILT_PRODUCTS_DIR; };
		338D5D2F153F5FF200E99CC8 /* UIKit.framework */ = {isa = PBXFileReference; lastKnownFileType = wrapper.framework; name = UIKit.framework; path = System/Library/Frameworks/UIKit.framework; sourceTree = SDKROOT; };
		338D5D31153F5FF200E99CC8 /* Foundation.framework */ = {isa = PBXFileReference; lastKnownFileType = wrapper.framework; name = Foundation.framework; path = System/Library/Frameworks/Foundation.framework; sourceTree = SDKROOT; };
		338D5D33153F5FF200E99CC8 /* CoreGraphics.framework */ = {isa = PBXFileReference; lastKnownFileType = wrapper.framework; name = CoreGraphics.framework; path = System/Library/Frameworks/CoreGraphics.framework; sourceTree = SDKROOT; };
		338D5D37153F5FF200E99CC8 /* SegmentContainer-Info.plist */ = {isa = PBXFileReference; lastKnownFileType = text.plist.xml; path = "SegmentContainer-Info.plist"; sourceTree = "<group>"; };
		338D5D39153F5FF200E99CC8 /* en */ = {isa = PBXFileReference; lastKnownFileType = text.plist.strings; name = en; path = en.lproj/InfoPlist.strings; sourceTree = "<group>"; };
		338D5D3B153F5FF200E99CC8 /* main.m */ = {isa = PBXFileReference; lastKnownFileType = sourcecode.c.objc; path = main.m; sourceTree = "<group>"; };
		338D5D3D153F5FF200E99CC8 /* SegmentContainer-Prefix.pch */ = {isa = PBXFileReference; lastKnownFileType = sourcecode.c.h; path = "SegmentContainer-Prefix.pch"; sourceTree = "<group>"; };
		338D5D3E153F5FF200E99CC8 /* AppDelegate.h */ = {isa = PBXFileReference; lastKnownFileType = sourcecode.c.h; path = AppDelegate.h; sourceTree = "<group>"; };
		338D5D3F153F5FF200E99CC8 /* AppDelegate.m */ = {isa = PBXFileReference; lastKnownFileType = sourcecode.c.objc; path = AppDelegate.m; sourceTree = "<group>"; };
		338D5D41153F5FF200E99CC8 /* ViewController.h */ = {isa = PBXFileReference; lastKnownFileType = sourcecode.c.h; path = ViewController.h; sourceTree = "<group>"; };
		338D5D42153F5FF200E99CC8 /* ViewController.m */ = {isa = PBXFileReference; lastKnownFileType = sourcecode.c.objc; path = ViewController.m; sourceTree = "<group>"; };
		338D5D45153F5FF200E99CC8 /* en */ = {isa = PBXFileReference; lastKnownFileType = file.xib; name = en; path = en.lproj/ViewController_iPhone.xib; sourceTree = "<group>"; };
		338D5D48153F5FF200E99CC8 /* en */ = {isa = PBXFileReference; lastKnownFileType = file.xib; name = en; path = en.lproj/ViewController_iPad.xib; sourceTree = "<group>"; };
		338D5D75153F707500E99CC8 /* libCoconutKit.a */ = {isa = PBXFileReference; lastKnownFileType = archive.ar; name = libCoconutKit.a; path = "CoconutKit/CoconutKit/build/Release-iphoneos/libCoconutKit.a"; sourceTree = "<group>"; };
		338D5D77153F708500E99CC8 /* MessageUI.framework */ = {isa = PBXFileReference; lastKnownFileType = wrapper.framework; name = MessageUI.framework; path = System/Library/Frameworks/MessageUI.framework; sourceTree = SDKROOT; };
		338D5D79153F708C00E99CC8 /* CoreData.framework */ = {isa = PBXFileReference; lastKnownFileType = wrapper.framework; name = CoreData.framework; path = System/Library/Frameworks/CoreData.framework; sourceTree = SDKROOT; };
		338D5D7B153F709400E99CC8 /* QuartzCore.framework */ = {isa = PBXFileReference; lastKnownFileType = wrapper.framework; name = QuartzCore.framework; path = System/Library/Frameworks/QuartzCore.framework; sourceTree = SDKROOT; };
		338D5D95153F72A500E99CC8 /* LifeCycleTestViewController.h */ = {isa = PBXFileReference; fileEncoding = 4; lastKnownFileType = sourcecode.c.h; path = LifeCycleTestViewController.h; sourceTree = "<group>"; };
		338D5D96153F72A500E99CC8 /* LifeCycleTestViewController.xib */ = {isa = PBXFileReference; fileEncoding = 4; lastKnownFileType = file.xib; path = LifeCycleTestViewController.xib; sourceTree = "<group>"; };
		338D5D97153F72A500E99CC8 /* LifeCycleTestViewController.m */ = {isa = PBXFileReference; fileEncoding = 4; lastKnownFileType = sourcecode.c.objc; path = LifeCycleTestViewController.m; sourceTree = "<group>"; };
/* End PBXFileReference section */

/* Begin PBXFrameworksBuildPhase section */
		338D5D28153F5FF200E99CC8 /* Frameworks */ = {
			isa = PBXFrameworksBuildPhase;
			buildActionMask = 2147483647;
			files = (
				338D5D7C153F709400E99CC8 /* QuartzCore.framework in Frameworks */,
				338D5D7A153F708C00E99CC8 /* CoreData.framework in Frameworks */,
				338D5D78153F708500E99CC8 /* MessageUI.framework in Frameworks */,
				338D5D76153F707500E99CC8 /* libCoconutKit.a in Frameworks */,
				338D5D30153F5FF200E99CC8 /* UIKit.framework in Frameworks */,
				338D5D32153F5FF200E99CC8 /* Foundation.framework in Frameworks */,
				338D5D34153F5FF200E99CC8 /* CoreGraphics.framework in Frameworks */,
			);
			runOnlyForDeploymentPostprocessing = 0;
		};
/* End PBXFrameworksBuildPhase section */

/* Begin PBXGroup section */
		338D5D20153F5FF200E99CC8 = {
			isa = PBXGroup;
			children = (
				338D5D35153F5FF200E99CC8 /* Sources */,
				338D5D36153F5FF200E99CC8 /* Supporting Files */,
				338D5D2E153F5FF200E99CC8 /* Frameworks */,
				338D5D2C153F5FF200E99CC8 /* Products */,
			);
			sourceTree = "<group>";
		};
		338D5D2C153F5FF200E99CC8 /* Products */ = {
			isa = PBXGroup;
			children = (
				338D5D2B153F5FF200E99CC8 /* SegmentContainer.app */,
			);
			name = Products;
			sourceTree = "<group>";
		};
		338D5D2E153F5FF200E99CC8 /* Frameworks */ = {
			isa = PBXGroup;
			children = (
				338D5D75153F707500E99CC8 /* libCoconutKit.a */,
				338D5D79153F708C00E99CC8 /* CoreData.framework */,
				338D5D33153F5FF200E99CC8 /* CoreGraphics.framework */,
				338D5D31153F5FF200E99CC8 /* Foundation.framework */,
				338D5D77153F708500E99CC8 /* MessageUI.framework */,
				338D5D7B153F709400E99CC8 /* QuartzCore.framework */,
				338D5D2F153F5FF200E99CC8 /* UIKit.framework */,
			);
			name = Frameworks;
			sourceTree = "<group>";
		};
		338D5D35153F5FF200E99CC8 /* Sources */ = {
			isa = PBXGroup;
			children = (
				338D5D3E153F5FF200E99CC8 /* AppDelegate.h */,
				338D5D3F153F5FF200E99CC8 /* AppDelegate.m */,
				338D5D41153F5FF200E99CC8 /* ViewController.h */,
				338D5D42153F5FF200E99CC8 /* ViewController.m */,
				338D5D44153F5FF200E99CC8 /* ViewController_iPhone.xib */,
				338D5D47153F5FF200E99CC8 /* ViewController_iPad.xib */,
				338D5D95153F72A500E99CC8 /* LifeCycleTestViewController.h */,
				338D5D97153F72A500E99CC8 /* LifeCycleTestViewController.m */,
				338D5D96153F72A500E99CC8 /* LifeCycleTestViewController.xib */,
			);
			name = Sources;
			path = SegmentContainer;
			sourceTree = "<group>";
		};
		338D5D36153F5FF200E99CC8 /* Supporting Files */ = {
			isa = PBXGroup;
			children = (
				338D5D37153F5FF200E99CC8 /* SegmentContainer-Info.plist */,
				338D5D38153F5FF200E99CC8 /* InfoPlist.strings */,
				338D5D3B153F5FF200E99CC8 /* main.m */,
				338D5D3D153F5FF200E99CC8 /* SegmentContainer-Prefix.pch */,
			);
			name = "Supporting Files";
			path = SegmentContainer;
			sourceTree = "<group>";
		};
/* End PBXGroup section */

/* Begin PBXNativeTarget section */
		338D5D2A153F5FF200E99CC8 /* SegmentContainer */ = {
			isa = PBXNativeTarget;
			buildConfigurationList = 338D5D4C153F5FF200E99CC8 /* Build configuration list for PBXNativeTarget "SegmentContainer" */;
			buildPhases = (
				338D5D27153F5FF200E99CC8 /* Sources */,
				338D5D28153F5FF200E99CC8 /* Frameworks */,
				338D5D29153F5FF200E99CC8 /* Resources */,
			);
			buildRules = (
			);
			dependencies = (
			);
			name = SegmentContainer;
			productName = SegmentContainer;
			productReference = 338D5D2B153F5FF200E99CC8 /* SegmentContainer.app */;
			productType = "com.apple.product-type.application";
		};
/* End PBXNativeTarget section */

/* Begin PBXProject section */
		338D5D22153F5FF200E99CC8 /* Project object */ = {
			isa = PBXProject;
			attributes = {
				LastUpgradeCheck = 0430;
				ORGANIZATIONNAME = "PT Comunicações";
			};
			buildConfigurationList = 338D5D25153F5FF200E99CC8 /* Build configuration list for PBXProject "SegmentContainer" */;
			compatibilityVersion = "Xcode 3.2";
			developmentRegion = English;
			hasScannedForEncodings = 0;
			knownRegions = (
				en,
			);
			mainGroup = 338D5D20153F5FF200E99CC8;
			productRefGroup = 338D5D2C153F5FF200E99CC8 /* Products */;
			projectDirPath = "";
			projectRoot = "";
			targets = (
				338D5D2A153F5FF200E99CC8 /* SegmentContainer */,
			);
		};
/* End PBXProject section */

/* Begin PBXResourcesBuildPhase section */
		338D5D29153F5FF200E99CC8 /* Resources */ = {
			isa = PBXResourcesBuildPhase;
			buildActionMask = 2147483647;
			files = (
				338D5D3A153F5FF200E99CC8 /* InfoPlist.strings in Resources */,
				338D5D46153F5FF200E99CC8 /* ViewController_iPhone.xib in Resources */,
				338D5D49153F5FF200E99CC8 /* ViewController_iPad.xib in Resources */,
				338D5D98153F72A500E99CC8 /* LifeCycleTestViewController.xib in Resources */,
			);
			runOnlyForDeploymentPostprocessing = 0;
		};
/* End PBXResourcesBuildPhase section */

/* Begin PBXSourcesBuildPhase section */
		338D5D27153F5FF200E99CC8 /* Sources */ = {
			isa = PBXSourcesBuildPhase;
			buildActionMask = 2147483647;
			files = (
				338D5D3C153F5FF200E99CC8 /* main.m in Sources */,
				338D5D40153F5FF200E99CC8 /* AppDelegate.m in Sources */,
				338D5D43153F5FF200E99CC8 /* ViewController.m in Sources */,
				338D5D99153F72A500E99CC8 /* LifeCycleTestViewController.m in Sources */,
			);
			runOnlyForDeploymentPostprocessing = 0;
		};
/* End PBXSourcesBuildPhase section */

/* Begin PBXVariantGroup section */
		338D5D38153F5FF200E99CC8 /* InfoPlist.strings */ = {
			isa = PBXVariantGroup;
			children = (
				338D5D39153F5FF200E99CC8 /* en */,
			);
			name = InfoPlist.strings;
			sourceTree = "<group>";
		};
		338D5D44153F5FF200E99CC8 /* ViewController_iPhone.xib */ = {
			isa = PBXVariantGroup;
			children = (
				338D5D45153F5FF200E99CC8 /* en */,
			);
			name = ViewController_iPhone.xib;
			sourceTree = "<group>";
		};
		338D5D47153F5FF200E99CC8 /* ViewController_iPad.xib */ = {
			isa = PBXVariantGroup;
			children = (
				338D5D48153F5FF200E99CC8 /* en */,
			);
			name = ViewController_iPad.xib;
			sourceTree = "<group>";
		};
/* End PBXVariantGroup section */

/* Begin XCBuildConfiguration section */
		338D5D4A153F5FF200E99CC8 /* Debug */ = {
			isa = XCBuildConfiguration;
			buildSettings = {
				ALWAYS_SEARCH_USER_PATHS = NO;
				ARCHS = (
					armv6,
					armv7,
				);
				CLANG_ENABLE_OBJC_ARC = YES;
				"CODE_SIGN_IDENTITY[sdk=iphoneos*]" = "iPhone Developer";
				COPY_PHASE_STRIP = NO;
				GCC_C_LANGUAGE_STANDARD = gnu99;
				GCC_DYNAMIC_NO_PIC = NO;
				GCC_OPTIMIZATION_LEVEL = 0;
				GCC_PREPROCESSOR_DEFINITIONS = (
					"DEBUG=1",
					"$(inherited)",
				);
				GCC_SYMBOLS_PRIVATE_EXTERN = NO;
				GCC_VERSION = com.apple.compilers.llvm.clang.1_0;
				GCC_WARN_ABOUT_RETURN_TYPE = YES;
				GCC_WARN_UNINITIALIZED_AUTOS = YES;
				GCC_WARN_UNUSED_VARIABLE = YES;
				IPHONEOS_DEPLOYMENT_TARGET = 4.0;
				SDKROOT = iphoneos;
				TARGETED_DEVICE_FAMILY = "1,2";
			};
			name = Debug;
		};
		338D5D4B153F5FF200E99CC8 /* Release */ = {
			isa = XCBuildConfiguration;
			buildSettings = {
				ALWAYS_SEARCH_USER_PATHS = NO;
				ARCHS = (
					armv6,
					armv7,
				);
				CLANG_ENABLE_OBJC_ARC = YES;
				"CODE_SIGN_IDENTITY[sdk=iphoneos*]" = "iPhone Developer";
				COPY_PHASE_STRIP = YES;
				GCC_C_LANGUAGE_STANDARD = gnu99;
				GCC_VERSION = com.apple.compilers.llvm.clang.1_0;
				GCC_WARN_ABOUT_RETURN_TYPE = YES;
				GCC_WARN_UNINITIALIZED_AUTOS = YES;
				GCC_WARN_UNUSED_VARIABLE = YES;
				IPHONEOS_DEPLOYMENT_TARGET = 4.0;
				OTHER_CFLAGS = "-DNS_BLOCK_ASSERTIONS=1";
				SDKROOT = iphoneos;
				TARGETED_DEVICE_FAMILY = "1,2";
				VALIDATE_PRODUCT = YES;
			};
			name = Release;
		};
		338D5D4D153F5FF200E99CC8 /* Debug */ = {
			isa = XCBuildConfiguration;
			buildSettings = {
				GCC_PRECOMPILE_PREFIX_HEADER = YES;
				GCC_PREFIX_HEADER = "SegmentContainer/SegmentContainer-Prefix.pch";
				HEADER_SEARCH_PATHS = "CoconutKit/CoconutKit/**";
				INFOPLIST_FILE = "SegmentContainer/SegmentContainer-Info.plist";
				OTHER_CFLAGS = "-DHLS_LOGGER";
				OTHER_LDFLAGS = "-ObjC";
				PRODUCT_NAME = "$(TARGET_NAME)";
				WRAPPER_EXTENSION = app;
			};
			name = Debug;
		};
		338D5D4E153F5FF200E99CC8 /* Release */ = {
			isa = XCBuildConfiguration;
			buildSettings = {
				GCC_PRECOMPILE_PREFIX_HEADER = YES;
				GCC_PREFIX_HEADER = "SegmentContainer/SegmentContainer-Prefix.pch";
				HEADER_SEARCH_PATHS = "CoconutKit/CoconutKit/**";
				INFOPLIST_FILE = "SegmentContainer/SegmentContainer-Info.plist";
				OTHER_CFLAGS = (
					"-DHLS_LOGGER",
					"-DNS_BLOCK_ASSERTIONS=1",
				);
				OTHER_LDFLAGS = "-ObjC";
				PRODUCT_NAME = "$(TARGET_NAME)";
				WRAPPER_EXTENSION = app;
			};
			name = Release;
		};
/* End XCBuildConfiguration section */

/* Begin XCConfigurationList section */
		338D5D25153F5FF200E99CC8 /* Build configuration list for PBXProject "SegmentContainer" */ = {
			isa = XCConfigurationList;
			buildConfigurations = (
				338D5D4A153F5FF200E99CC8 /* Debug */,
				338D5D4B153F5FF200E99CC8 /* Release */,
			);
			defaultConfigurationIsVisible = 0;
			defaultConfigurationName = Release;
		};
		338D5D4C153F5FF200E99CC8 /* Build configuration list for PBXNativeTarget "SegmentContainer" */ = {
			isa = XCConfigurationList;
			buildConfigurations = (
				338D5D4D153F5FF200E99CC8 /* Debug */,
				338D5D4E153F5FF200E99CC8 /* Release */,
			);
			defaultConfigurationIsVisible = 0;
			defaultConfigurationName = Release;
		};
/* End XCConfigurationList section */
	};
	rootObject = 338D5D22153F5FF200E99CC8 /* Project object */;
}
